
Microsoft Visual Studio Solution File, Format Version 12.00
# Visual Studio 15
VisualStudioVersion = 15.0.27703.2000
MinimumVisualStudioVersion = 10.0.40219.1
Project("{FAE04EC0-301F-11D3-BF4B-00C04F79EFBC}") = "MyAwesomeDiary", "MyAwesomeDiary\MyAwesomeDiary.csproj", "{64E0C188-9DCB-4A32-BC5A-47914061C964}"
EndProject
Global
	GlobalSection(SolutionConfigurationPlatforms) = preSolution
		Debug|Any CPU = Debug|Any CPU
		Release|Any CPU = Release|Any CPU
	EndGlobalSection
	GlobalSection(ProjectConfigurationPlatforms) = postSolution
		{64E0C188-9DCB-4A32-BC5A-47914061C964}.Debug|Any CPU.ActiveCfg = Debug|Any CPU
		{64E0C188-9DCB-4A32-BC5A-47914061C964}.Debug|Any CPU.Build.0 = Debug|Any CPU
		{64E0C188-9DCB-4A32-BC5A-47914061C964}.Release|Any CPU.ActiveCfg = Release|Any CPU
		{64E0C188-9DCB-4A32-BC5A-47914061C964}.Release|Any CPU.Build.0 = Release|Any CPU
	EndGlobalSection
	GlobalSection(SolutionProperties) = preSolution
		HideSolutionNode = FALSE
	EndGlobalSection
	GlobalSection(ExtensibilityGlobals) = postSolution
		SolutionGuid = {0FFBB9CF-0877-42AD-A41A-DB908A110AFB}
	EndGlobalSection
EndGlobal
